# Generated by buf. DO NOT EDIT.
version: v2
deps:
  - name: buf.build/envoyproxy/protoc-gen-validate
    commit: daf171c6cdb54629b5f51e345a79e4dd
    digest: b5:c745e1521879f43740230b1df673d0729f55704efefdcfc489d4a0a2d40c92a26cacfeab62813403040a8b180142d53b398c7ca784a065e43823605ee49681de
  - name: buf.build/google/cel-spec
    commit: 3ba27d18361e49adb8d3c504155885d9
    digest: b5:21adf887bc600c07dbe7a2e2d4d0269176ac38b16d8f8682ffb5a5478ecd0accf2aeacf4372d11fdb45ce111080a01f3141608efc6c5684eb842a93e8e6bc868
  - name: buf.build/googleapis/googleapis
    commit: d1263fe26f8e430a967dc22a4d0cad18
    digest: b5:8e44f92843e3866793af18ae6b1d4e78e2d537353c267a2d4d362c104e037d2d3b651c46cf19b163be8765162c777eb1abbe2c1e35a33c1f0df11a7ce42e1b85
